Microsoft Visual Studio Solution File, Format Version 12.00
# Visual Studio Version 16
VisualStudioVersion = 16.0.29519.87
MinimumVisualStudioVersion = 10.0.40219.1
Project("{FAE04EC0-301F-11D3-BF4B-00C04F79EFBC}") = "LearnHub_Server", "LearnHub_Server\LearnHub_Server.csproj", "{1A206AED-AACD-44CF-B380-5DDEAAD9F463}"
EndProject
Global
	GlobalSection(SolutionConfigurationPlatforms) = preSolution
		Debug|anycpu = Debug|anycpu
		Release|anycpu = Release|anycpu
	EndGlobalSection
	GlobalSection(ProjectConfigurationPlatforms) = postSolution
		{1A206AED-AACD-44CF-B380-5DDEAAD9F463}.Debug|anycpu.ActiveCfg = Debug|Any CPU
		{1A206AED-AACD-44CF-B380-5DDEAAD9F463}.Debug|anycpu.Build.0 = Debug|Any CPU
		{1A206AED-AACD-44CF-B380-5DDEAAD9F463}.Release|anycpu.ActiveCfg = Release|Any CPU
		{1A206AED-AACD-44CF-B380-5DDEAAD9F463}.Release|anycpu.Build.0 = Release|Any CPU
	EndGlobalSection
	GlobalSection(SolutionProperties) = preSolution
		HideSolutionNode = FALSE
	EndGlobalSection
	GlobalSection(ExtensibilityGlobals) = postSolution
		SolutionGuid = {8C3DA195-0D28-4838-B46C-6689EDE8F0E8}
	EndGlobalSection
EndGlobal
