
Microsoft Visual Studio Solution File, Format Version 12.00
# Visual Studio 15
Project("{FAE04EC0-301F-11D3-BF4B-00C04F79EFBC}") = "LearnHub_Server", "LearnHub_Server\LearnHub_Server.csproj", "{04653B92-DED7-4DBD-9992-D653D603319C}"
EndProject
Global
	GlobalSection(SolutionConfigurationPlatforms) = preSolution
		Debug|anycpu = Debug|anycpu
		Release|anycpu = Release|anycpu
	EndGlobalSection
	GlobalSection(ProjectConfigurationPlatforms) = postSolution
		{04653B92-DED7-4DBD-9992-D653D603319C}.Debug|anycpu.ActiveCfg = Debug|anycpu
		{04653B92-DED7-4DBD-9992-D653D603319C}.Debug|anycpu.Build.0 = Debug|anycpu
		{04653B92-DED7-4DBD-9992-D653D603319C}.Release|anycpu.ActiveCfg = Release|anycpu
		{04653B92-DED7-4DBD-9992-D653D603319C}.Release|anycpu.Build.0 = Release|anycpu
	EndGlobalSection
EndGlobal
