
Microsoft Visual Studio Solution File, Format Version 12.00
# Visual Studio 15
Project("{FAE04EC0-301F-11D3-BF4B-00C04F79EFBC}") = "LearnHub_Server", "LearnHub_Server\LearnHub_Server.csproj", "{3EBBFCEB-C708-4455-84A5-E17F3F425762}"
EndProject
Global
	GlobalSection(SolutionConfigurationPlatforms) = preSolution
		Debug|anycpu = Debug|anycpu
		Release|anycpu = Release|anycpu
	EndGlobalSection
	GlobalSection(ProjectConfigurationPlatforms) = postSolution
		{3EBBFCEB-C708-4455-84A5-E17F3F425762}.Debug|anycpu.ActiveCfg = Debug|anycpu
		{3EBBFCEB-C708-4455-84A5-E17F3F425762}.Debug|anycpu.Build.0 = Debug|anycpu
		{3EBBFCEB-C708-4455-84A5-E17F3F425762}.Release|anycpu.ActiveCfg = Release|anycpu
		{3EBBFCEB-C708-4455-84A5-E17F3F425762}.Release|anycpu.Build.0 = Release|anycpu
	EndGlobalSection
EndGlobal
